dependencies:
  espressif/esp_new_jpeg:
    component_hash: e1e7e6991193c41ed6c9fc386702aa7821433319e7aa9c3147cd3236310cd69c
    dependencies: []
    source:
      registry_url: https://components.espressif.com/
      type: service
    targets:
    - esp32
    - esp32s2
    - esp32s3
    - esp32s31
    - esp32p4
    - esp32c2
    - esp32c3
    - esp32c5
    - esp32c6
    - esp32c61
    - esp32h4
    version: 1.0.2
  idf:
    source:
      type: idf
    version: 6.1.0
direct_dependencies:
- espressif/esp_new_jpeg
- idf
manifest_hash: 0c08c8b0e750997667c1fd3eb3fc3713401b5c0c36d578f119209d15c26c3ca6
target: esp32s3
version: 3.0.0
