dependencies:
  espressif/esp_new_jpeg:
    component_hash: 98823384f51ca298e2c9bebacd1c629148e528ed0902d18b16556df151519e68
    dependencies: []
    source:
      registry_url: https://components.espressif.com/
      type: service
    targets:
    - esp32
    - esp32s2
    - esp32s3
    - esp32s31
    - esp32p4
    - esp32c2
    - esp32c3
    - esp32c5
    - esp32c6
    - esp32c61
    - esp32h4
    version: 1.0.1
  idf:
    source:
      type: idf
    version: 6.1.0
direct_dependencies:
- espressif/esp_new_jpeg
- idf
manifest_hash: bee6ff144d3c78dd0b3c0037b35ef5b33ab2d7e813b566a7f74caf5c55978507
target: esp32s3
version: 3.0.0
