dependencies:
  espressif/esp_jpeg:
    dependencies: []
    source:
      path: ../cam/managed_components/espressif__esp_jpeg
      type: local
    version: 1.3.1
  idf:
    source:
      type: idf
    version: 6.1.0
direct_dependencies:
- espressif/esp_jpeg
- idf
manifest_hash: 8d1dc67571a312c1f610a705ae61579029b8f225f8e834aa629386735280a0d3
target: esp32s3
version: 3.0.0
